{
  "name": "electron-private-publish",
  "version": "1.0.0",
  "lockfileVersion": 3,
  "requires": true,
  "packages": {
    "": {
      "name": "electron-private-publish",
      "version": "1.0.0",
      "devDependencies": {
        "electron": "^31.0.0",
        "electron-builder": "^24.13.0"
      }
    }
  }
}
